{
  "name": "project_symfony_two",
  "lockfileVersion": 2,
  "requires": true,
  "packages": {
    "": {
      "dependencies": {
        "@fancyapps/ui": "^4.0.12"
      },
      "engines": {
        "yarn": "^0.14.0"
      }
    },
    "node_modules/@fancyapps/ui": {
      "version": "4.0.12",
      "resolved": "https://registry.npmjs.org/@fancyapps/ui/-/ui-4.0.12.tgz",
      "integrity": "sha512-S7au4OqkuplceT7nJmu7+IwQapPrg3/nHZ1cJVtE1ewj9PUnt4R6T6k2x7uPyI/DRCUj78fXMpNcm8fLMQpE2g=="
    }
  },
  "dependencies": {
    "@fancyapps/ui": {
      "version": "4.0.12",
      "resolved": "https://registry.npmjs.org/@fancyapps/ui/-/ui-4.0.12.tgz",
      "integrity": "sha512-S7au4OqkuplceT7nJmu7+IwQapPrg3/nHZ1cJVtE1ewj9PUnt4R6T6k2x7uPyI/DRCUj78fXMpNcm8fLMQpE2g=="
    }
  }
}
